github.com/go-sql-driver/mysql v1.5.0 h1:ozyZYNQW3x3HtqT1jira07DN2PArx2v7/mN66gGcHOs=
github.com/go-sql-driver/mysql v1.5.0/go.mod h1:DCzpHaOWr8IXmIStZouvnhqoel9Qv2LBy8hT2VhHyBg=
github.com/mgenware/mingru-go-lib v0.0.0-20200913021920-211638fd13ab h1:ikSBKISfdBe01Nwmh9Sr9UNUMkp50n1siAxVhdf6aLU=
github.com/mgenware/mingru-go-lib v0.0.0-20200913021920-211638fd13ab/go.mod h1:Ghfy7+TcCtMubbB0EoeoqyJ06DDC6zJ5pHLAVYtPSKk=
